// !$*UTF8*$!
{
	archiveVersion = 1;
	classes = {
	};
	objectVersion = 46;
	objects = {

/* Begin PBXBuildFile section */
		ACD661351A7F881A00CAB817 /* AppDelegate.swift in Sources */ = {isa = PBXBuildFile; fileRef = ACD661341A7F881A00CAB817 /* AppDelegate.swift */; };
		ACD661371A7F881A00CAB817 /* ViewController.swift in Sources */ = {isa = PBXBuildFile; fileRef = ACD661361A7F881A00CAB817 /* ViewController.swift */; };
		ACD6613A1A7F881A00CAB817 /* Main.storyboard in Resources */ = {isa = PBXBuildFile; fileRef = ACD661381A7F881A00CAB817 /* Main.storyboard */; };
		ACD6613C1A7F881A00CAB817 /* Images.xcassets in Resources */ = {isa = PBXBuildFile; fileRef = ACD6613B1A7F881A00CAB817 /* Images.xcassets */; };
		ACD6613F1A7F881A00CAB817 /* LaunchScreen.xib in Resources */ = {isa = PBXBuildFile; fileRef = ACD6613D1A7F881A00CAB817 /* LaunchScreen.xib */; };
		ACD6614B1A7F881A00CAB817 /* ParalaxEffectTests.swift in Sources */ = {isa = PBXBuildFile; fileRef = ACD6614A1A7F881A00CAB817 /* ParalaxEffectTests.swift */; };
/* End PBXBuildFile section */

/* Begin PBXContainerItemProxy section */
		ACD661451A7F881A00CAB817 /* PBXContainerItemProxy */ = {
			isa = PBXContainerItemProxy;
			containerPortal = ACD661271A7F881A00CAB817 /* Project object */;
			proxyType = 1;
			remoteGlobalIDString = ACD6612E1A7F881A00CAB817;
			remoteInfo = ParalaxEffect;
		};
/* End PBXContainerItemProxy section */

/* Begin PBXFileReference section */
		ACD6612F1A7F881A00CAB817 /* ParalaxEffect.app */ = {isa = PBXFileReference; explicitFileType = wrapper.application; includeInIndex = 0; path = ParalaxEffect.app; sourceTree = BUILT_PRODUCTS_DIR; };
		ACD661331A7F881A00CAB817 /* Info.plist */ = {isa = PBXFileReference; lastKnownFileType = text.plist.xml; path = Info.plist; sourceTree = "<group>"; };
		ACD661341A7F881A00CAB817 /* AppDelegate.swift */ = {isa = PBXFileReference; lastKnownFileType = sourcecode.swift; path = AppDelegate.swift; sourceTree = "<group>"; };
		ACD661361A7F881A00CAB817 /* ViewController.swift */ = {isa = PBXFileReference; lastKnownFileType = sourcecode.swift; path = ViewController.swift; sourceTree = "<group>"; };
		ACD661391A7F881A00CAB817 /* Base */ = {isa = PBXFileReference; lastKnownFileType = file.storyboard; name = Base; path = Base.lproj/Main.storyboard; sourceTree = "<group>"; };
		ACD6613B1A7F881A00CAB817 /* Images.xcassets */ = {isa = PBXFileReference; lastKnownFileType = folder.assetcatalog; path = Images.xcassets; sourceTree = "<group>"; };
		ACD6613E1A7F881A00CAB817 /* Base */ = {isa = PBXFileReference; lastKnownFileType = file.xib; name = Base; path = Base.lproj/LaunchScreen.xib; sourceTree = "<group>"; };
		ACD661441A7F881A00CAB817 /* ParalaxEffectTests.xctest */ = {isa = PBXFileReference; explicitFileType = wrapper.cfbundle; includeInIndex = 0; path = ParalaxEffectTests.xctest; sourceTree = BUILT_PRODUCTS_DIR; };
		ACD661491A7F881A00CAB817 /* Info.plist */ = {isa = PBXFileReference; lastKnownFileType = text.plist.xml; path = Info.plist; sourceTree = "<group>"; };
		ACD6614A1A7F881A00CAB817 /* ParalaxEffectTests.swift */ = {isa = PBXFileReference; lastKnownFileType = sourcecode.swift; path = ParalaxEffectTests.swift; sourceTree = "<group>"; };
/* End PBXFileReference section */

/* Begin PBXFrameworksBuildPhase section */
		ACD6612C1A7F881A00CAB817 /* Frameworks */ = {
			isa = PBXFrameworksBuildPhase;
			buildActionMask = 2147483647;
			files = (
			);
			runOnlyForDeploymentPostprocessing = 0;
		};
		ACD661411A7F881A00CAB817 /* Frameworks */ = {
			isa = PBXFrameworksBuildPhase;
			buildActionMask = 2147483647;
			files = (
			);
			runOnlyForDeploymentPostprocessing = 0;
		};
/* End PBXFrameworksBuildPhase section */

/* Begin PBXGroup section */
		ACD661261A7F881A00CAB817 = {
			isa = PBXGroup;
			children = (
				ACD661311A7F881A00CAB817 /* ParalaxEffect */,
				ACD661471A7F881A00CAB817 /* ParalaxEffectTests */,
				ACD661301A7F881A00CAB817 /* Products */,
			);
			sourceTree = "<group>";
		};
		ACD661301A7F881A00CAB817 /* Products */ = {
			isa = PBXGroup;
			children = (
				ACD6612F1A7F881A00CAB817 /* ParalaxEffect.app */,
				ACD661441A7F881A00CAB817 /* ParalaxEffectTests.xctest */,
			);
			name = Products;
			sourceTree = "<group>";
		};
		ACD661311A7F881A00CAB817 /* ParalaxEffect */ = {
			isa = PBXGroup;
			children = (
				ACD661341A7F881A00CAB817 /* AppDelegate.swift */,
				ACD661361A7F881A00CAB817 /* ViewController.swift */,
				ACD661381A7F881A00CAB817 /* Main.storyboard */,
				ACD6613B1A7F881A00CAB817 /* Images.xcassets */,
				ACD6613D1A7F881A00CAB817 /* LaunchScreen.xib */,
				ACD661321A7F881A00CAB817 /* Supporting Files */,
			);
			path = ParalaxEffect;
			sourceTree = "<group>";
		};
		ACD661321A7F881A00CAB817 /* Supporting Files */ = {
			isa = PBXGroup;
			children = (
				ACD661331A7F881A00CAB817 /* Info.plist */,
			);
			name = "Supporting Files";
			sourceTree = "<group>";
		};
		ACD661471A7F881A00CAB817 /* ParalaxEffectTests */ = {
			isa = PBXGroup;
			children = (
				ACD6614A1A7F881A00CAB817 /* ParalaxEffectTests.swift */,
				ACD661481A7F881A00CAB817 /* Supporting Files */,
			);
			path = ParalaxEffectTests;
			sourceTree = "<group>";
		};
		ACD661481A7F881A00CAB817 /* Supporting Files */ = {
			isa = PBXGroup;
			children = (
				ACD661491A7F881A00CAB817 /* Info.plist */,
			);
			name = "Supporting Files";
			sourceTree = "<group>";
		};
/* End PBXGroup section */

/* Begin PBXNativeTarget section */
		ACD6612E1A7F881A00CAB817 /* ParalaxEffect */ = {
			isa = PBXNativeTarget;
			buildConfigurationList = ACD6614E1A7F881A00CAB817 /* Build configuration list for PBXNativeTarget "ParalaxEffect" */;
			buildPhases = (
				ACD6612B1A7F881A00CAB817 /* Sources */,
				ACD6612C1A7F881A00CAB817 /* Frameworks */,
				ACD6612D1A7F881A00CAB817 /* Resources */,
			);
			buildRules = (
			);
			dependencies = (
			);
			name = ParalaxEffect;
			productName = ParalaxEffect;
			productReference = ACD6612F1A7F881A00CAB817 /* ParalaxEffect.app */;
			productType = "com.apple.product-type.application";
		};
		ACD661431A7F881A00CAB817 /* ParalaxEffectTests */ = {
			isa = PBXNativeTarget;
			buildConfigurationList = ACD661511A7F881A00CAB817 /* Build configuration list for PBXNativeTarget "ParalaxEffectTests" */;
			buildPhases = (
				ACD661401A7F881A00CAB817 /* Sources */,
				ACD661411A7F881A00CAB817 /* Frameworks */,
				ACD661421A7F881A00CAB817 /* Resources */,
			);
			buildRules = (
			);
			dependencies = (
				ACD661461A7F881A00CAB817 /* PBXTargetDependency */,
			);
			name = ParalaxEffectTests;
			productName = ParalaxEffectTests;
			productReference = ACD661441A7F881A00CAB817 /* ParalaxEffectTests.xctest */;
			productType = "com.apple.product-type.bundle.unit-test";
		};
/* End PBXNativeTarget section */

/* Begin PBXProject section */
		ACD661271A7F881A00CAB817 /* Project object */ = {
			isa = PBXProject;
			attributes = {
				LastUpgradeCheck = 0610;
				ORGANIZATIONNAME = Digimark;
				TargetAttributes = {
					ACD6612E1A7F881A00CAB817 = {
						CreatedOnToolsVersion = 6.1;
					};
					ACD661431A7F881A00CAB817 = {
						CreatedOnToolsVersion = 6.1;
						TestTargetID = ACD6612E1A7F881A00CAB817;
					};
				};
			};
			buildConfigurationList = ACD6612A1A7F881A00CAB817 /* Build configuration list for PBXProject "ParalaxEffect" */;
			compatibilityVersion = "Xcode 3.2";
			developmentRegion = English;
			hasScannedForEncodings = 0;
			knownRegions = (
				en,
				Base,
			);
			mainGroup = ACD661261A7F881A00CAB817;
			productRefGroup = ACD661301A7F881A00CAB817 /* Products */;
			projectDirPath = "";
			projectRoot = "";
			targets = (
				ACD6612E1A7F881A00CAB817 /* ParalaxEffect */,
				ACD661431A7F881A00CAB817 /* ParalaxEffectTests */,
			);
		};
/* End PBXProject section */

/* Begin PBXResourcesBuildPhase section */
		ACD6612D1A7F881A00CAB817 /* Resources */ = {
			isa = PBXResourcesBuildPhase;
			buildActionMask = 2147483647;
			files = (
				ACD6613A1A7F881A00CAB817 /* Main.storyboard in Resources */,
				ACD6613F1A7F881A00CAB817 /* LaunchScreen.xib in Resources */,
				ACD6613C1A7F881A00CAB817 /* Images.xcassets in Resources */,
			);
			runOnlyForDeploymentPostprocessing = 0;
		};
		ACD661421A7F881A00CAB817 /* Resources */ = {
			isa = PBXResourcesBuildPhase;
			buildActionMask = 2147483647;
			files = (
			);
			runOnlyForDeploymentPostprocessing = 0;
		};
/* End PBXResourcesBuildPhase section */

/* Begin PBXSourcesBuildPhase section */
		ACD6612B1A7F881A00CAB817 /* Sources */ = {
			isa = PBXSourcesBuildPhase;
			buildActionMask = 2147483647;
			files = (
				ACD661371A7F881A00CAB817 /* ViewController.swift in Sources */,
				ACD661351A7F881A00CAB817 /* AppDelegate.swift in Sources */,
			);
			runOnlyForDeploymentPostprocessing = 0;
		};
		ACD661401A7F881A00CAB817 /* Sources */ = {
			isa = PBXSourcesBuildPhase;
			buildActionMask = 2147483647;
			files = (
				ACD6614B1A7F881A00CAB817 /* ParalaxEffectTests.swift in Sources */,
			);
			runOnlyForDeploymentPostprocessing = 0;
		};
/* End PBXSourcesBuildPhase section */

/* Begin PBXTargetDependency section */
		ACD661461A7F881A00CAB817 /* PBXTargetDependency */ = {
			isa = PBXTargetDependency;
			target = ACD6612E1A7F881A00CAB817 /* ParalaxEffect */;
			targetProxy = ACD661451A7F881A00CAB817 /* PBXContainerItemProxy */;
		};
/* End PBXTargetDependency section */

/* Begin PBXVariantGroup section */
		ACD661381A7F881A00CAB817 /* Main.storyboard */ = {
			isa = PBXVariantGroup;
			children = (
				ACD661391A7F881A00CAB817 /* Base */,
			);
			name = Main.storyboard;
			sourceTree = "<group>";
		};
		ACD6613D1A7F881A00CAB817 /* LaunchScreen.xib */ = {
			isa = PBXVariantGroup;
			children = (
				ACD6613E1A7F881A00CAB817 /* Base */,
			);
			name = LaunchScreen.xib;
			sourceTree = "<group>";
		};
/* End PBXVariantGroup section */

/* Begin XCBuildConfiguration section */
		ACD6614C1A7F881A00CAB817 /* Debug */ = {
			isa = XCBuildConfiguration;
			buildSettings = {
				ALWAYS_SEARCH_USER_PATHS = NO;
				CLANG_CXX_LANGUAGE_STANDARD = "gnu++0x";
				CLANG_CXX_LIBRARY = "libc++";
				CLANG_ENABLE_MODULES = YES;
				CLANG_ENABLE_OBJC_ARC = YES;
				CLANG_WARN_BOOL_CONVERSION = YES;
				CLANG_WARN_CONSTANT_CONVERSION = YES;
				CLANG_WARN_DIRECT_OBJC_ISA_USAGE = YES_ERROR;
				CLANG_WARN_EMPTY_BODY = YES;
				CLANG_WARN_ENUM_CONVERSION = YES;
				CLANG_WARN_INT_CONVERSION = YES;
				CLANG_WARN_OBJC_ROOT_CLASS = YES_ERROR;
				CLANG_WARN_UNREACHABLE_CODE = YES;
				CLANG_WARN__DUPLICATE_METHOD_MATCH = YES;
				"CODE_SIGN_IDENTITY[sdk=iphoneos*]" = "iPhone Developer";
				COPY_PHASE_STRIP = NO;
				ENABLE_STRICT_OBJC_MSGSEND = YES;
				GCC_C_LANGUAGE_STANDARD = gnu99;
				GCC_DYNAMIC_NO_PIC = NO;
				GCC_OPTIMIZATION_LEVEL = 0;
				GCC_PREPROCESSOR_DEFINITIONS = (
					"DEBUG=1",
					"$(inherited)",
				);
				GCC_SYMBOLS_PRIVATE_EXTERN = NO;
				GCC_WARN_64_TO_32_BIT_CONVERSION = YES;
				GCC_WARN_ABOUT_RETURN_TYPE = YES_ERROR;
				GCC_WARN_UNDECLARED_SELECTOR = YES;
				GCC_WARN_UNINITIALIZED_AUTOS = YES_AGGRESSIVE;
				GCC_WARN_UNUSED_FUNCTION = YES;
				GCC_WARN_UNUSED_VARIABLE = YES;
				IPHONEOS_DEPLOYMENT_TARGET = 8.1;
				MTL_ENABLE_DEBUG_INFO = YES;
				ONLY_ACTIVE_ARCH = YES;
				SDKROOT = iphoneos;
				SWIFT_OPTIMIZATION_LEVEL = "-Onone";
				TARGETED_DEVICE_FAMILY = "1,2";
			};
			name = Debug;
		};
		ACD6614D1A7F881A00CAB817 /* Release */ = {
			isa = XCBuildConfiguration;
			buildSettings = {
				ALWAYS_SEARCH_USER_PATHS = NO;
				CLANG_CXX_LANGUAGE_STANDARD = "gnu++0x";
				CLANG_CXX_LIBRARY = "libc++";
				CLANG_ENABLE_MODULES = YES;
				CLANG_ENABLE_OBJC_ARC = YES;
				CLANG_WARN_BOOL_CONVERSION = YES;
				CLANG_WARN_CONSTANT_CONVERSION = YES;
				CLANG_WARN_DIRECT_OBJC_ISA_USAGE = YES_ERROR;
				CLANG_WARN_EMPTY_BODY = YES;
				CLANG_WARN_ENUM_CONVERSION = YES;
				CLANG_WARN_INT_CONVERSION = YES;
				CLANG_WARN_OBJC_ROOT_CLASS = YES_ERROR;
				CLANG_WARN_UNREACHABLE_CODE = YES;
				CLANG_WARN__DUPLICATE_METHOD_MATCH = YES;
				"CODE_SIGN_IDENTITY[sdk=iphoneos*]" = "iPhone Developer";
				COPY_PHASE_STRIP = YES;
				ENABLE_NS_ASSERTIONS = NO;
				ENABLE_STRICT_OBJC_MSGSEND = YES;
				GCC_C_LANGUAGE_STANDARD = gnu99;
				GCC_WARN_64_TO_32_BIT_CONVERSION = YES;
				GCC_WARN_ABOUT_RETURN_TYPE = YES_ERROR;
				GCC_WARN_UNDECLARED_SELECTOR = YES;
				GCC_WARN_UNINITIALIZED_AUTOS = YES_AGGRESSIVE;
				GCC_WARN_UNUSED_FUNCTION = YES;
				GCC_WARN_UNUSED_VARIABLE = YES;
				IPHONEOS_DEPLOYMENT_TARGET = 8.1;
				MTL_ENABLE_DEBUG_INFO = NO;
				SDKROOT = iphoneos;
				TARGETED_DEVICE_FAMILY = "1,2";
				VALIDATE_PRODUCT = YES;
			};
			name = Release;
		};
		ACD6614F1A7F881A00CAB817 /* Debug */ = {
			isa = XCBuildConfiguration;
			buildSettings = {
				ASSETCATALOG_COMPILER_APPICON_NAME = AppIcon;
				INFOPLIST_FILE = ParalaxEffect/Info.plist;
				LD_RUNPATH_SEARCH_PATHS = "$(inherited) @executable_path/Frameworks";
				PRODUCT_NAME = "$(TARGET_NAME)";
			};
			name = Debug;
		};
		ACD661501A7F881A00CAB817 /* Release */ = {
			isa = XCBuildConfiguration;
			buildSettings = {
				ASSETCATALOG_COMPILER_APPICON_NAME = AppIcon;
				INFOPLIST_FILE = ParalaxEffect/Info.plist;
				LD_RUNPATH_SEARCH_PATHS = "$(inherited) @executable_path/Frameworks";
				PRODUCT_NAME = "$(TARGET_NAME)";
			};
			name = Release;
		};
		ACD661521A7F881A00CAB817 /* Debug */ = {
			isa = XCBuildConfiguration;
			buildSettings = {
				BUNDLE_LOADER = "$(TEST_HOST)";
				FRAMEWORK_SEARCH_PATHS = (
					"$(SDKROOT)/Developer/Library/Frameworks",
					"$(inherited)",
				);
				GCC_PREPROCESSOR_DEFINITIONS = (
					"DEBUG=1",
					"$(inherited)",
				);
				INFOPLIST_FILE = ParalaxEffectTests/Info.plist;
				LD_RUNPATH_SEARCH_PATHS = "$(inherited) @executable_path/Frameworks @loader_path/Frameworks";
				PRODUCT_NAME = "$(TARGET_NAME)";
				TEST_HOST = "$(BUILT_PRODUCTS_DIR)/ParalaxEffect.app/ParalaxEffect";
			};
			name = Debug;
		};
		ACD661531A7F881A00CAB817 /* Release */ = {
			isa = XCBuildConfiguration;
			buildSettings = {
				BUNDLE_LOADER = "$(TEST_HOST)";
				FRAMEWORK_SEARCH_PATHS = (
					"$(SDKROOT)/Developer/Library/Frameworks",
					"$(inherited)",
				);
				INFOPLIST_FILE = ParalaxEffectTests/Info.plist;
				LD_RUNPATH_SEARCH_PATHS = "$(inherited) @executable_path/Frameworks @loader_path/Frameworks";
				PRODUCT_NAME = "$(TARGET_NAME)";
				TEST_HOST = "$(BUILT_PRODUCTS_DIR)/ParalaxEffect.app/ParalaxEffect";
			};
			name = Release;
		};
/* End XCBuildConfiguration section */

/* Begin XCConfigurationList section */
		ACD6612A1A7F881A00CAB817 /* Build configuration list for PBXProject "ParalaxEffect" */ = {
			isa = XCConfigurationList;
			buildConfigurations = (
				ACD6614C1A7F881A00CAB817 /* Debug */,
				ACD6614D1A7F881A00CAB817 /* Release */,
			);
			defaultConfigurationIsVisible = 0;
			defaultConfigurationName = Release;
		};
		ACD6614E1A7F881A00CAB817 /* Build configuration list for PBXNativeTarget "ParalaxEffect" */ = {
			isa = XCConfigurationList;
			buildConfigurations = (
				ACD6614F1A7F881A00CAB817 /* Debug */,
				ACD661501A7F881A00CAB817 /* Release */,
			);
			defaultConfigurationIsVisible = 0;
			defaultConfigurationName = Release;
		};
		ACD661511A7F881A00CAB817 /* Build configuration list for PBXNativeTarget "ParalaxEffectTests" */ = {
			isa = XCConfigurationList;
			buildConfigurations = (
				ACD661521A7F881A00CAB817 /* Debug */,
				ACD661531A7F881A00CAB817 /* Release */,
			);
			defaultConfigurationIsVisible = 0;
			defaultConfigurationName = Release;
		};
/* End XCConfigurationList section */
	};
	rootObject = ACD661271A7F881A00CAB817 /* Project object */;
}
